// !$*UTF8*$!
{
	archiveVersion = 1;
	classes = {
	};
	objectVersion = 46;
	objects = {

/* Begin PBXBuildFile section */
		9B4D7EA5191E1E5100946BDE /* Foundation.framework in Frameworks */ = {isa = PBXBuildFile; fileRef = 9B4D7EA4191E1E5100946BDE /* Foundation.framework */; };
		9B4D7EA7191E1E5100946BDE /* CoreGraphics.framework in Frameworks */ = {isa = PBXBuildFile; fileRef = 9B4D7EA6191E1E5100946BDE /* CoreGraphics.framework */; };
		9B4D7EA9191E1E5100946BDE /* UIKit.framework in Frameworks */ = {isa = PBXBuildFile; fileRef = 9B4D7EA8191E1E5100946BDE /* UIKit.framework */; };
		9B4D7EAB191E1E5100946BDE /* CoreData.framework in Frameworks */ = {isa = PBXBuildFile; fileRef = 9B4D7EAA191E1E5100946BDE /* CoreData.framework */; };
		9B4D7EB1191E1E5100946BDE /* InfoPlist.strings in Resources */ = {isa = PBXBuildFile; fileRef = 9B4D7EAF191E1E5100946BDE /* InfoPlist.strings */; };
		9B4D7EB3191E1E5100946BDE /* main.m in Sources */ = {isa = PBXBuildFile; fileRef = 9B4D7EB2191E1E5100946BDE /* main.m */; };
		9B4D7EB7191E1E5100946BDE /* RWSAppDelegate.m in Sources */ = {isa = PBXBuildFile; fileRef = 9B4D7EB6191E1E5100946BDE /* RWSAppDelegate.m */; };
		9B4D7EBA191E1E5100946BDE /* Main.storyboard in Resources */ = {isa = PBXBuildFile; fileRef = 9B4D7EB8191E1E5100946BDE /* Main.storyboard */; };
		9B4D7EBD191E1E5100946BDE /* Aggregates.xcdatamodeld in Sources */ = {isa = PBXBuildFile; fileRef = 9B4D7EBB191E1E5100946BDE /* Aggregates.xcdatamodeld */; };
		9B4D7EC0191E1E5100946BDE /* RWSMasterViewController.m in Sources */ = {isa = PBXBuildFile; fileRef = 9B4D7EBF191E1E5100946BDE /* RWSMasterViewController.m */; };
		9B4D7EC3191E1E5100946BDE /* RWSDetailViewController.m in Sources */ = {isa = PBXBuildFile; fileRef = 9B4D7EC2191E1E5100946BDE /* RWSDetailViewController.m */; };
		9B4D7EC5191E1E5100946BDE /* Images.xcassets in Resources */ = {isa = PBXBuildFile; fileRef = 9B4D7EC4191E1E5100946BDE /* Images.xcassets */; };
		9B4D7ECC191E1E5200946BDE /* XCTest.framework in Frameworks */ = {isa = PBXBuildFile; fileRef = 9B4D7ECB191E1E5200946BDE /* XCTest.framework */; };
		9B4D7ECD191E1E5200946BDE /* Foundation.framework in Frameworks */ = {isa = PBXBuildFile; fileRef = 9B4D7EA4191E1E5100946BDE /* Foundation.framework */; };
		9B4D7ECE191E1E5200946BDE /* UIKit.framework in Frameworks */ = {isa = PBXBuildFile; fileRef = 9B4D7EA8191E1E5100946BDE /* UIKit.framework */; };
		9B4D7ECF191E1E5200946BDE /* CoreData.framework in Frameworks */ = {isa = PBXBuildFile; fileRef = 9B4D7EAA191E1E5100946BDE /* CoreData.framework */; };
		9B4D7ED7191E1E5200946BDE /* InfoPlist.strings in Resources */ = {isa = PBXBuildFile; fileRef = 9B4D7ED5191E1E5200946BDE /* InfoPlist.strings */; };
		9B4D7ED9191E1E5200946BDE /* AggregatesTests.m in Sources */ = {isa = PBXBuildFile; fileRef = 9B4D7ED8191E1E5200946BDE /* AggregatesTests.m */; };
		9B4D7EE6191E1ED600946BDE /* _RWSEvent.m in Sources */ = {isa = PBXBuildFile; fileRef = 9B4D7EE3191E1ED600946BDE /* _RWSEvent.m */; };
		9B4D7EE7191E1ED600946BDE /* RWSEvent.m in Sources */ = {isa = PBXBuildFile; fileRef = 9B4D7EE5191E1ED600946BDE /* RWSEvent.m */; };
/* End PBXBuildFile section */

/* Begin PBXContainerItemProxy section */
		9B4D7ED0191E1E5200946BDE /* PBXContainerItemProxy */ = {
			isa = PBXContainerItemProxy;
			containerPortal = 9B4D7E99191E1E5100946BDE /* Project object */;
			proxyType = 1;
			remoteGlobalIDString = 9B4D7EA0191E1E5100946BDE;
			remoteInfo = Aggregates;
		};
/* End PBXContainerItemProxy section */

/* Begin PBXFileReference section */
		9B4D7EA1191E1E5100946BDE /* Aggregates.app */ = {isa = PBXFileReference; explicitFileType = wrapper.application; includeInIndex = 0; path = Aggregates.app; sourceTree = BUILT_PRODUCTS_DIR; };
		9B4D7EA4191E1E5100946BDE /* Foundation.framework */ = {isa = PBXFileReference; lastKnownFileType = wrapper.framework; name = Foundation.framework; path = System/Library/Frameworks/Foundation.framework; sourceTree = SDKROOT; };
		9B4D7EA6191E1E5100946BDE /* CoreGraphics.framework */ = {isa = PBXFileReference; lastKnownFileType = wrapper.framework; name = CoreGraphics.framework; path = System/Library/Frameworks/CoreGraphics.framework; sourceTree = SDKROOT; };
		9B4D7EA8191E1E5100946BDE /* UIKit.framework */ = {isa = PBXFileReference; lastKnownFileType = wrapper.framework; name = UIKit.framework; path = System/Library/Frameworks/UIKit.framework; sourceTree = SDKROOT; };
		9B4D7EAA191E1E5100946BDE /* CoreData.framework */ = {isa = PBXFileReference; lastKnownFileType = wrapper.framework; name = CoreData.framework; path = System/Library/Frameworks/CoreData.framework; sourceTree = SDKROOT; };
		9B4D7EAE191E1E5100946BDE /* Aggregates-Info.plist */ = {isa = PBXFileReference; lastKnownFileType = text.plist.xml; path = "Aggregates-Info.plist"; sourceTree = "<group>"; };
		9B4D7EB0191E1E5100946BDE /* en */ = {isa = PBXFileReference; lastKnownFileType = text.plist.strings; name = en; path = en.lproj/InfoPlist.strings; sourceTree = "<group>"; };
		9B4D7EB2191E1E5100946BDE /* main.m */ = {isa = PBXFileReference; lastKnownFileType = sourcecode.c.objc; path = main.m; sourceTree = "<group>"; };
		9B4D7EB4191E1E5100946BDE /* Aggregates-Prefix.pch */ = {isa = PBXFileReference; lastKnownFileType = sourcecode.c.h; path = "Aggregates-Prefix.pch"; sourceTree = "<group>"; };
		9B4D7EB5191E1E5100946BDE /* RWSAppDelegate.h */ = {isa = PBXFileReference; lastKnownFileType = sourcecode.c.h; path = RWSAppDelegate.h; sourceTree = "<group>"; };
		9B4D7EB6191E1E5100946BDE /* RWSAppDelegate.m */ = {isa = PBXFileReference; lastKnownFileType = sourcecode.c.objc; path = RWSAppDelegate.m; sourceTree = "<group>"; };
		9B4D7EB9191E1E5100946BDE /* Base */ = {isa = PBXFileReference; lastKnownFileType = file.storyboard; name = Base; path = Base.lproj/Main.storyboard; sourceTree = "<group>"; };
		9B4D7EBC191E1E5100946BDE /* Aggregates.xcdatamodel */ = {isa = PBXFileReference; lastKnownFileType = wrapper.xcdatamodel; path = Aggregates.xcdatamodel; sourceTree = "<group>"; };
		9B4D7EBE191E1E5100946BDE /* RWSMasterViewController.h */ = {isa = PBXFileReference; lastKnownFileType = sourcecode.c.h; path = RWSMasterViewController.h; sourceTree = "<group>"; };
		9B4D7EBF191E1E5100946BDE /* RWSMasterViewController.m */ = {isa = PBXFileReference; lastKnownFileType = sourcecode.c.objc; path = RWSMasterViewController.m; sourceTree = "<group>"; };
		9B4D7EC1191E1E5100946BDE /* RWSDetailViewController.h */ = {isa = PBXFileReference; lastKnownFileType = sourcecode.c.h; path = RWSDetailViewController.h; sourceTree = "<group>"; };
		9B4D7EC2191E1E5100946BDE /* RWSDetailViewController.m */ = {isa = PBXFileReference; lastKnownFileType = sourcecode.c.objc; path = RWSDetailViewController.m; sourceTree = "<group>"; };
		9B4D7EC4191E1E5100946BDE /* Images.xcassets */ = {isa = PBXFileReference; lastKnownFileType = folder.assetcatalog; path = Images.xcassets; sourceTree = "<group>"; };
		9B4D7ECA191E1E5200946BDE /* AggregatesTests.xctest */ = {isa = PBXFileReference; explicitFileType = wrapper.cfbundle; includeInIndex = 0; path = AggregatesTests.xctest; sourceTree = BUILT_PRODUCTS_DIR; };
		9B4D7ECB191E1E5200946BDE /* XCTest.framework */ = {isa = PBXFileReference; lastKnownFileType = wrapper.framework; name = XCTest.framework; path = Library/Frameworks/XCTest.framework; sourceTree = DEVELOPER_DIR; };
		9B4D7ED4191E1E5200946BDE /* AggregatesTests-Info.plist */ = {isa = PBXFileReference; lastKnownFileType = text.plist.xml; path = "AggregatesTests-Info.plist"; sourceTree = "<group>"; };
		9B4D7ED6191E1E5200946BDE /* en */ = {isa = PBXFileReference; lastKnownFileType = text.plist.strings; name = en; path = en.lproj/InfoPlist.strings; sourceTree = "<group>"; };
		9B4D7ED8191E1E5200946BDE /* AggregatesTests.m */ = {isa = PBXFileReference; lastKnownFileType = sourcecode.c.objc; path = AggregatesTests.m; sourceTree = "<group>"; };
		9B4D7EE2191E1ED600946BDE /* _RWSEvent.h */ = {isa = PBXFileReference; fileEncoding = 4; lastKnownFileType = sourcecode.c.h; path = _RWSEvent.h; sourceTree = "<group>"; };
		9B4D7EE3191E1ED600946BDE /* _RWSEvent.m */ = {isa = PBXFileReference; fileEncoding = 4; lastKnownFileType = sourcecode.c.objc; path = _RWSEvent.m; sourceTree = "<group>"; };
		9B4D7EE4191E1ED600946BDE /* RWSEvent.h */ = {isa = PBXFileReference; fileEncoding = 4; lastKnownFileType = sourcecode.c.h; path = RWSEvent.h; sourceTree = "<group>"; };
		9B4D7EE5191E1ED600946BDE /* RWSEvent.m */ = {isa = PBXFileReference; fileEncoding = 4; lastKnownFileType = sourcecode.c.objc; path = RWSEvent.m; sourceTree = "<group>"; };
/* End PBXFileReference section */

/* Begin PBXFrameworksBuildPhase section */
		9B4D7E9E191E1E5100946BDE /* Frameworks */ = {
			isa = PBXFrameworksBuildPhase;
			buildActionMask = 2147483647;
			files = (
				9B4D7EA7191E1E5100946BDE /* CoreGraphics.framework in Frameworks */,
				9B4D7EAB191E1E5100946BDE /* CoreData.framework in Frameworks */,
				9B4D7EA9191E1E5100946BDE /* UIKit.framework in Frameworks */,
				9B4D7EA5191E1E5100946BDE /* Foundation.framework in Frameworks */,
			);
			runOnlyForDeploymentPostprocessing = 0;
		};
		9B4D7EC7191E1E5200946BDE /* Frameworks */ = {
			isa = PBXFrameworksBuildPhase;
			buildActionMask = 2147483647;
			files = (
				9B4D7ECC191E1E5200946BDE /* XCTest.framework in Frameworks */,
				9B4D7ECF191E1E5200946BDE /* CoreData.framework in Frameworks */,
				9B4D7ECE191E1E5200946BDE /* UIKit.framework in Frameworks */,
				9B4D7ECD191E1E5200946BDE /* Foundation.framework in Frameworks */,
			);
			runOnlyForDeploymentPostprocessing = 0;
		};
/* End PBXFrameworksBuildPhase section */

/* Begin PBXGroup section */
		9B4D7E98191E1E5100946BDE = {
			isa = PBXGroup;
			children = (
				9B4D7EAC191E1E5100946BDE /* Aggregates */,
				9B4D7ED2191E1E5200946BDE /* AggregatesTests */,
				9B4D7EA3191E1E5100946BDE /* Frameworks */,
				9B4D7EA2191E1E5100946BDE /* Products */,
			);
			sourceTree = "<group>";
		};
		9B4D7EA2191E1E5100946BDE /* Products */ = {
			isa = PBXGroup;
			children = (
				9B4D7EA1191E1E5100946BDE /* Aggregates.app */,
				9B4D7ECA191E1E5200946BDE /* AggregatesTests.xctest */,
			);
			name = Products;
			sourceTree = "<group>";
		};
		9B4D7EA3191E1E5100946BDE /* Frameworks */ = {
			isa = PBXGroup;
			children = (
				9B4D7EA4191E1E5100946BDE /* Foundation.framework */,
				9B4D7EA6191E1E5100946BDE /* CoreGraphics.framework */,
				9B4D7EA8191E1E5100946BDE /* UIKit.framework */,
				9B4D7EAA191E1E5100946BDE /* CoreData.framework */,
				9B4D7ECB191E1E5200946BDE /* XCTest.framework */,
			);
			name = Frameworks;
			sourceTree = "<group>";
		};
		9B4D7EAC191E1E5100946BDE /* Aggregates */ = {
			isa = PBXGroup;
			children = (
				9B4D7EE2191E1ED600946BDE /* _RWSEvent.h */,
				9B4D7EE3191E1ED600946BDE /* _RWSEvent.m */,
				9B4D7EE4191E1ED600946BDE /* RWSEvent.h */,
				9B4D7EE5191E1ED600946BDE /* RWSEvent.m */,
				9B4D7EB5191E1E5100946BDE /* RWSAppDelegate.h */,
				9B4D7EB6191E1E5100946BDE /* RWSAppDelegate.m */,
				9B4D7EB8191E1E5100946BDE /* Main.storyboard */,
				9B4D7EBE191E1E5100946BDE /* RWSMasterViewController.h */,
				9B4D7EBF191E1E5100946BDE /* RWSMasterViewController.m */,
				9B4D7EC1191E1E5100946BDE /* RWSDetailViewController.h */,
				9B4D7EC2191E1E5100946BDE /* RWSDetailViewController.m */,
				9B4D7EC4191E1E5100946BDE /* Images.xcassets */,
				9B4D7EBB191E1E5100946BDE /* Aggregates.xcdatamodeld */,
				9B4D7EAD191E1E5100946BDE /* Supporting Files */,
			);
			path = Aggregates;
			sourceTree = "<group>";
		};
		9B4D7EAD191E1E5100946BDE /* Supporting Files */ = {
			isa = PBXGroup;
			children = (
				9B4D7EAE191E1E5100946BDE /* Aggregates-Info.plist */,
				9B4D7EAF191E1E5100946BDE /* InfoPlist.strings */,
				9B4D7EB2191E1E5100946BDE /* main.m */,
				9B4D7EB4191E1E5100946BDE /* Aggregates-Prefix.pch */,
			);
			name = "Supporting Files";
			sourceTree = "<group>";
		};
		9B4D7ED2191E1E5200946BDE /* AggregatesTests */ = {
			isa = PBXGroup;
			children = (
				9B4D7ED8191E1E5200946BDE /* AggregatesTests.m */,
				9B4D7ED3191E1E5200946BDE /* Supporting Files */,
			);
			path = AggregatesTests;
			sourceTree = "<group>";
		};
		9B4D7ED3191E1E5200946BDE /* Supporting Files */ = {
			isa = PBXGroup;
			children = (
				9B4D7ED4191E1E5200946BDE /* AggregatesTests-Info.plist */,
				9B4D7ED5191E1E5200946BDE /* InfoPlist.strings */,
			);
			name = "Supporting Files";
			sourceTree = "<group>";
		};
/* End PBXGroup section */

/* Begin PBXNativeTarget section */
		9B4D7EA0191E1E5100946BDE /* Aggregates */ = {
			isa = PBXNativeTarget;
			buildConfigurationList = 9B4D7EDC191E1E5200946BDE /* Build configuration list for PBXNativeTarget "Aggregates" */;
			buildPhases = (
				9B4D7E9D191E1E5100946BDE /* Sources */,
				9B4D7E9E191E1E5100946BDE /* Frameworks */,
				9B4D7E9F191E1E5100946BDE /* Resources */,
			);
			buildRules = (
			);
			dependencies = (
			);
			name = Aggregates;
			productName = Aggregates;
			productReference = 9B4D7EA1191E1E5100946BDE /* Aggregates.app */;
			productType = "com.apple.product-type.application";
		};
		9B4D7EC9191E1E5200946BDE /* AggregatesTests */ = {
			isa = PBXNativeTarget;
			buildConfigurationList = 9B4D7EDF191E1E5200946BDE /* Build configuration list for PBXNativeTarget "AggregatesTests" */;
			buildPhases = (
				9B4D7EC6191E1E5200946BDE /* Sources */,
				9B4D7EC7191E1E5200946BDE /* Frameworks */,
				9B4D7EC8191E1E5200946BDE /* Resources */,
			);
			buildRules = (
			);
			dependencies = (
				9B4D7ED1191E1E5200946BDE /* PBXTargetDependency */,
			);
			name = AggregatesTests;
			productName = AggregatesTests;
			productReference = 9B4D7ECA191E1E5200946BDE /* AggregatesTests.xctest */;
			productType = "com.apple.product-type.bundle.unit-test";
		};
/* End PBXNativeTarget section */

/* Begin PBXProject section */
		9B4D7E99191E1E5100946BDE /* Project object */ = {
			isa = PBXProject;
			attributes = {
				CLASSPREFIX = RWS;
				LastUpgradeCheck = 0510;
				ORGANIZATIONNAME = "Roundwall Software";
				TargetAttributes = {
					9B4D7EC9191E1E5200946BDE = {
						TestTargetID = 9B4D7EA0191E1E5100946BDE;
					};
				};
			};
			buildConfigurationList = 9B4D7E9C191E1E5100946BDE /* Build configuration list for PBXProject "Aggregates" */;
			compatibilityVersion = "Xcode 3.2";
			developmentRegion = English;
			hasScannedForEncodings = 0;
			knownRegions = (
				en,
				Base,
			);
			mainGroup = 9B4D7E98191E1E5100946BDE;
			productRefGroup = 9B4D7EA2191E1E5100946BDE /* Products */;
			projectDirPath = "";
			projectRoot = "";
			targets = (
				9B4D7EA0191E1E5100946BDE /* Aggregates */,
				9B4D7EC9191E1E5200946BDE /* AggregatesTests */,
			);
		};
/* End PBXProject section */

/* Begin PBXResourcesBuildPhase section */
		9B4D7E9F191E1E5100946BDE /* Resources */ = {
			isa = PBXResourcesBuildPhase;
			buildActionMask = 2147483647;
			files = (
				9B4D7EC5191E1E5100946BDE /* Images.xcassets in Resources */,
				9B4D7EB1191E1E5100946BDE /* InfoPlist.strings in Resources */,
				9B4D7EBA191E1E5100946BDE /* Main.storyboard in Resources */,
			);
			runOnlyForDeploymentPostprocessing = 0;
		};
		9B4D7EC8191E1E5200946BDE /* Resources */ = {
			isa = PBXResourcesBuildPhase;
			buildActionMask = 2147483647;
			files = (
				9B4D7ED7191E1E5200946BDE /* InfoPlist.strings in Resources */,
			);
			runOnlyForDeploymentPostprocessing = 0;
		};
/* End PBXResourcesBuildPhase section */

/* Begin PBXSourcesBuildPhase section */
		9B4D7E9D191E1E5100946BDE /* Sources */ = {
			isa = PBXSourcesBuildPhase;
			buildActionMask = 2147483647;
			files = (
				9B4D7EC3191E1E5100946BDE /* RWSDetailViewController.m in Sources */,
				9B4D7EB3191E1E5100946BDE /* main.m in Sources */,
				9B4D7EBD191E1E5100946BDE /* Aggregates.xcdatamodeld in Sources */,
				9B4D7EE7191E1ED600946BDE /* RWSEvent.m in Sources */,
				9B4D7EE6191E1ED600946BDE /* _RWSEvent.m in Sources */,
				9B4D7EB7191E1E5100946BDE /* RWSAppDelegate.m in Sources */,
				9B4D7EC0191E1E5100946BDE /* RWSMasterViewController.m in Sources */,
			);
			runOnlyForDeploymentPostprocessing = 0;
		};
		9B4D7EC6191E1E5200946BDE /* Sources */ = {
			isa = PBXSourcesBuildPhase;
			buildActionMask = 2147483647;
			files = (
				9B4D7ED9191E1E5200946BDE /* AggregatesTests.m in Sources */,
			);
			runOnlyForDeploymentPostprocessing = 0;
		};
/* End PBXSourcesBuildPhase section */

/* Begin PBXTargetDependency section */
		9B4D7ED1191E1E5200946BDE /* PBXTargetDependency */ = {
			isa = PBXTargetDependency;
			target = 9B4D7EA0191E1E5100946BDE /* Aggregates */;
			targetProxy = 9B4D7ED0191E1E5200946BDE /* PBXContainerItemProxy */;
		};
/* End PBXTargetDependency section */

/* Begin PBXVariantGroup section */
		9B4D7EAF191E1E5100946BDE /* InfoPlist.strings */ = {
			isa = PBXVariantGroup;
			children = (
				9B4D7EB0191E1E5100946BDE /* en */,
			);
			name = InfoPlist.strings;
			sourceTree = "<group>";
		};
		9B4D7EB8191E1E5100946BDE /* Main.storyboard */ = {
			isa = PBXVariantGroup;
			children = (
				9B4D7EB9191E1E5100946BDE /* Base */,
			);
			name = Main.storyboard;
			sourceTree = "<group>";
		};
		9B4D7ED5191E1E5200946BDE /* InfoPlist.strings */ = {
			isa = PBXVariantGroup;
			children = (
				9B4D7ED6191E1E5200946BDE /* en */,
			);
			name = InfoPlist.strings;
			sourceTree = "<group>";
		};
/* End PBXVariantGroup section */

/* Begin XCBuildConfiguration section */
		9B4D7EDA191E1E5200946BDE /* Debug */ = {
			isa = XCBuildConfiguration;
			buildSettings = {
				ALWAYS_SEARCH_USER_PATHS = NO;
				CLANG_CXX_LANGUAGE_STANDARD = "gnu++0x";
				CLANG_CXX_LIBRARY = "libc++";
				CLANG_ENABLE_MODULES = YES;
				CLANG_ENABLE_OBJC_ARC = YES;
				CLANG_WARN_BOOL_CONVERSION = YES;
				CLANG_WARN_CONSTANT_CONVERSION = YES;
				CLANG_WARN_DIRECT_OBJC_ISA_USAGE = YES_ERROR;
				CLANG_WARN_EMPTY_BODY = YES;
				CLANG_WARN_ENUM_CONVERSION = YES;
				CLANG_WARN_INT_CONVERSION = YES;
				CLANG_WARN_OBJC_ROOT_CLASS = YES_ERROR;
				CLANG_WARN__DUPLICATE_METHOD_MATCH = YES;
				"CODE_SIGN_IDENTITY[sdk=iphoneos*]" = "iPhone Developer";
				COPY_PHASE_STRIP = NO;
				GCC_C_LANGUAGE_STANDARD = gnu99;
				GCC_DYNAMIC_NO_PIC = NO;
				GCC_OPTIMIZATION_LEVEL = 0;
				GCC_PREPROCESSOR_DEFINITIONS = (
					"DEBUG=1",
					"$(inherited)",
				);
				GCC_SYMBOLS_PRIVATE_EXTERN = NO;
				GCC_WARN_64_TO_32_BIT_CONVERSION = YES;
				GCC_WARN_ABOUT_RETURN_TYPE = YES_ERROR;
				GCC_WARN_UNDECLARED_SELECTOR = YES;
				GCC_WARN_UNINITIALIZED_AUTOS = YES_AGGRESSIVE;
				GCC_WARN_UNUSED_FUNCTION = YES;
				GCC_WARN_UNUSED_VARIABLE = YES;
				IPHONEOS_DEPLOYMENT_TARGET = 7.1;
				ONLY_ACTIVE_ARCH = YES;
				SDKROOT = iphoneos;
			};
			name = Debug;
		};
		9B4D7EDB191E1E5200946BDE /* Release */ = {
			isa = XCBuildConfiguration;
			buildSettings = {
				ALWAYS_SEARCH_USER_PATHS = NO;
				CLANG_CXX_LANGUAGE_STANDARD = "gnu++0x";
				CLANG_CXX_LIBRARY = "libc++";
				CLANG_ENABLE_MODULES = YES;
				CLANG_ENABLE_OBJC_ARC = YES;
				CLANG_WARN_BOOL_CONVERSION = YES;
				CLANG_WARN_CONSTANT_CONVERSION = YES;
				CLANG_WARN_DIRECT_OBJC_ISA_USAGE = YES_ERROR;
				CLANG_WARN_EMPTY_BODY = YES;
				CLANG_WARN_ENUM_CONVERSION = YES;
				CLANG_WARN_INT_CONVERSION = YES;
				CLANG_WARN_OBJC_ROOT_CLASS = YES_ERROR;
				CLANG_WARN__DUPLICATE_METHOD_MATCH = YES;
				"CODE_SIGN_IDENTITY[sdk=iphoneos*]" = "iPhone Developer";
				COPY_PHASE_STRIP = YES;
				ENABLE_NS_ASSERTIONS = NO;
				GCC_C_LANGUAGE_STANDARD = gnu99;
				GCC_WARN_64_TO_32_BIT_CONVERSION = YES;
				GCC_WARN_ABOUT_RETURN_TYPE = YES_ERROR;
				GCC_WARN_UNDECLARED_SELECTOR = YES;
				GCC_WARN_UNINITIALIZED_AUTOS = YES_AGGRESSIVE;
				GCC_WARN_UNUSED_FUNCTION = YES;
				GCC_WARN_UNUSED_VARIABLE = YES;
				IPHONEOS_DEPLOYMENT_TARGET = 7.1;
				SDKROOT = iphoneos;
				VALIDATE_PRODUCT = YES;
			};
			name = Release;
		};
		9B4D7EDD191E1E5200946BDE /* Debug */ = {
			isa = XCBuildConfiguration;
			buildSettings = {
				ASSETCATALOG_COMPILER_APPICON_NAME = AppIcon;
				ASSETCATALOG_COMPILER_LAUNCHIMAGE_NAME = LaunchImage;
				GCC_PRECOMPILE_PREFIX_HEADER = YES;
				GCC_PREFIX_HEADER = "Aggregates/Aggregates-Prefix.pch";
				INFOPLIST_FILE = "Aggregates/Aggregates-Info.plist";
				PRODUCT_NAME = "$(TARGET_NAME)";
				WRAPPER_EXTENSION = app;
			};
			name = Debug;
		};
		9B4D7EDE191E1E5200946BDE /* Release */ = {
			isa = XCBuildConfiguration;
			buildSettings = {
				ASSETCATALOG_COMPILER_APPICON_NAME = AppIcon;
				ASSETCATALOG_COMPILER_LAUNCHIMAGE_NAME = LaunchImage;
				GCC_PRECOMPILE_PREFIX_HEADER = YES;
				GCC_PREFIX_HEADER = "Aggregates/Aggregates-Prefix.pch";
				INFOPLIST_FILE = "Aggregates/Aggregates-Info.plist";
				PRODUCT_NAME = "$(TARGET_NAME)";
				WRAPPER_EXTENSION = app;
			};
			name = Release;
		};
		9B4D7EE0191E1E5200946BDE /* Debug */ = {
			isa = XCBuildConfiguration;
			buildSettings = {
				BUNDLE_LOADER = "$(BUILT_PRODUCTS_DIR)/Aggregates.app/Aggregates";
				FRAMEWORK_SEARCH_PATHS = (
					"$(SDKROOT)/Developer/Library/Frameworks",
					"$(inherited)",
					"$(DEVELOPER_FRAMEWORKS_DIR)",
				);
				GCC_PRECOMPILE_PREFIX_HEADER = YES;
				GCC_PREFIX_HEADER = "Aggregates/Aggregates-Prefix.pch";
				GCC_PREPROCESSOR_DEFINITIONS = (
					"DEBUG=1",
					"$(inherited)",
				);
				INFOPLIST_FILE = "AggregatesTests/AggregatesTests-Info.plist";
				PRODUCT_NAME = "$(TARGET_NAME)";
				TEST_HOST = "$(BUNDLE_LOADER)";
				WRAPPER_EXTENSION = xctest;
			};
			name = Debug;
		};
		9B4D7EE1191E1E5200946BDE /* Release */ = {
			isa = XCBuildConfiguration;
			buildSettings = {
				BUNDLE_LOADER = "$(BUILT_PRODUCTS_DIR)/Aggregates.app/Aggregates";
				FRAMEWORK_SEARCH_PATHS = (
					"$(SDKROOT)/Developer/Library/Frameworks",
					"$(inherited)",
					"$(DEVELOPER_FRAMEWORKS_DIR)",
				);
				GCC_PRECOMPILE_PREFIX_HEADER = YES;
				GCC_PREFIX_HEADER = "Aggregates/Aggregates-Prefix.pch";
				INFOPLIST_FILE = "AggregatesTests/AggregatesTests-Info.plist";
				PRODUCT_NAME = "$(TARGET_NAME)";
				TEST_HOST = "$(BUNDLE_LOADER)";
				WRAPPER_EXTENSION = xctest;
			};
			name = Release;
		};
/* End XCBuildConfiguration section */

/* Begin XCConfigurationList section */
		9B4D7E9C191E1E5100946BDE /* Build configuration list for PBXProject "Aggregates" */ = {
			isa = XCConfigurationList;
			buildConfigurations = (
				9B4D7EDA191E1E5200946BDE /* Debug */,
				9B4D7EDB191E1E5200946BDE /* Release */,
			);
			defaultConfigurationIsVisible = 0;
			defaultConfigurationName = Release;
		};
		9B4D7EDC191E1E5200946BDE /* Build configuration list for PBXNativeTarget "Aggregates" */ = {
			isa = XCConfigurationList;
			buildConfigurations = (
				9B4D7EDD191E1E5200946BDE /* Debug */,
				9B4D7EDE191E1E5200946BDE /* Release */,
			);
			defaultConfigurationIsVisible = 0;
		};
		9B4D7EDF191E1E5200946BDE /* Build configuration list for PBXNativeTarget "AggregatesTests" */ = {
			isa = XCConfigurationList;
			buildConfigurations = (
				9B4D7EE0191E1E5200946BDE /* Debug */,
				9B4D7EE1191E1E5200946BDE /* Release */,
			);
			defaultConfigurationIsVisible = 0;
		};
/* End XCConfigurationList section */

/* Begin XCVersionGroup section */
		9B4D7EBB191E1E5100946BDE /* Aggregates.xcdatamodeld */ = {
			isa = XCVersionGroup;
			children = (
				9B4D7EBC191E1E5100946BDE /* Aggregates.xcdatamodel */,
			);
			currentVersion = 9B4D7EBC191E1E5100946BDE /* Aggregates.xcdatamodel */;
			path = Aggregates.xcdatamodeld;
			sourceTree = "<group>";
			versionGroupType = wrapper.xcdatamodel;
		};
/* End XCVersionGroup section */
	};
	rootObject = 9B4D7E99191E1E5100946BDE /* Project object */;
}
